
Microsoft Visual Studio Solution File, Format Version 12.00
# Visual Studio Version 17
VisualStudioVersion = 17.9.34723.18
MinimumVisualStudioVersion = 10.0.40219.1
Project("{FAE04EC0-301F-11D3-BF4B-00C04F79EFBC}") = "7 triangulo 3 valores - logica", "7 triangulo 3 valores - logica\7 triangulo 3 valores - logica.csproj", "{6CBDA7C7-115A-4233-82F8-C3E32366077C}"
EndProject
Global
	GlobalSection(SolutionConfigurationPlatforms) = preSolution
		Debug|Any CPU = Debug|Any CPU
		Release|Any CPU = Release|Any CPU
	EndGlobalSection
	GlobalSection(ProjectConfigurationPlatforms) = postSolution
		{6CBDA7C7-115A-4233-82F8-C3E32366077C}.Debug|Any CPU.ActiveCfg = Debug|Any CPU
		{6CBDA7C7-115A-4233-82F8-C3E32366077C}.Debug|Any CPU.Build.0 = Debug|Any CPU
		{6CBDA7C7-115A-4233-82F8-C3E32366077C}.Release|Any CPU.ActiveCfg = Release|Any CPU
		{6CBDA7C7-115A-4233-82F8-C3E32366077C}.Release|Any CPU.Build.0 = Release|Any CPU
	EndGlobalSection
	GlobalSection(SolutionProperties) = preSolution
		HideSolutionNode = FALSE
	EndGlobalSection
	GlobalSection(ExtensibilityGlobals) = postSolution
		SolutionGuid = {0E5E92D0-36AA-464B-BE12-9987F0977B41}
	EndGlobalSection
EndGlobal
