
Microsoft Visual Studio Solution File, Format Version 12.00
# Visual Studio Version 17
VisualStudioVersion = 17.9.34723.18
MinimumVisualStudioVersion = 10.0.40219.1
Project("{FAE04EC0-301F-11D3-BF4B-00C04F79EFBC}") = "5 área de um retângulo area pequena - logica", "5 área de um retângulo area pequena - logica\5 área de um retângulo area pequena - logica.csproj", "{11145B99-C92A-4B85-8F27-DDC5F35D584A}"
EndProject
Global
	GlobalSection(SolutionConfigurationPlatforms) = preSolution
		Debug|Any CPU = Debug|Any CPU
		Release|Any CPU = Release|Any CPU
	EndGlobalSection
	GlobalSection(ProjectConfigurationPlatforms) = postSolution
		{11145B99-C92A-4B85-8F27-DDC5F35D584A}.Debug|Any CPU.ActiveCfg = Debug|Any CPU
		{11145B99-C92A-4B85-8F27-DDC5F35D584A}.Debug|Any CPU.Build.0 = Debug|Any CPU
		{11145B99-C92A-4B85-8F27-DDC5F35D584A}.Release|Any CPU.ActiveCfg = Release|Any CPU
		{11145B99-C92A-4B85-8F27-DDC5F35D584A}.Release|Any CPU.Build.0 = Release|Any CPU
	EndGlobalSection
	GlobalSection(SolutionProperties) = preSolution
		HideSolutionNode = FALSE
	EndGlobalSection
	GlobalSection(ExtensibilityGlobals) = postSolution
		SolutionGuid = {D32FE80B-275A-47F4-B2C1-367C767FE18A}
	EndGlobalSection
EndGlobal
